
Microsoft Visual Studio Solution File, Format Version 11.00
# Visual Studio 2010
Project("{FAE04EC0-301F-11D3-BF4B-00C04F79EFBC}") = "FreeSource", "FreeSource\FreeSource.csproj", "{1C3BFC3D-7E9C-42DC-9BFB-0431E7C2B869}"
EndProject
Project("{FAE04EC0-301F-11D3-BF4B-00C04F79EFBC}") = "FreeSource.Extensibility", "FreeSource.Extensibility\FreeSource.Extensibility.csproj", "{B97DF479-85BE-42D4-90BD-D60A6B2C2FE5}"
EndProject
Project("{FAE04EC0-301F-11D3-BF4B-00C04F79EFBC}") = "FreeSource.VisualStudio", "FreeSource.VisualStudio\FreeSource.VisualStudio.csproj", "{FB7B6300-2319-4A27-9AFD-CBD7DFC4E33E}"
EndProject
Global
	GlobalSection(SolutionConfigurationPlatforms) = preSolution
		Debug|Any CPU = Debug|Any CPU
		Debug|Mixed Platforms = Debug|Mixed Platforms
		Debug|x86 = Debug|x86
		Release|Any CPU = Release|Any CPU
		Release|Mixed Platforms = Release|Mixed Platforms
		Release|x86 = Release|x86
	EndGlobalSection
	GlobalSection(ProjectConfigurationPlatforms) = postSolution
		{1C3BFC3D-7E9C-42DC-9BFB-0431E7C2B869}.Debug|Any CPU.ActiveCfg = Debug|x86
		{1C3BFC3D-7E9C-42DC-9BFB-0431E7C2B869}.Debug|Mixed Platforms.ActiveCfg = Debug|x86
		{1C3BFC3D-7E9C-42DC-9BFB-0431E7C2B869}.Debug|Mixed Platforms.Build.0 = Debug|x86
		{1C3BFC3D-7E9C-42DC-9BFB-0431E7C2B869}.Debug|x86.ActiveCfg = Debug|x86
		{1C3BFC3D-7E9C-42DC-9BFB-0431E7C2B869}.Debug|x86.Build.0 = Debug|x86
		{1C3BFC3D-7E9C-42DC-9BFB-0431E7C2B869}.Release|Any CPU.ActiveCfg = Release|x86
		{1C3BFC3D-7E9C-42DC-9BFB-0431E7C2B869}.Release|Mixed Platforms.ActiveCfg = Release|x86
		{1C3BFC3D-7E9C-42DC-9BFB-0431E7C2B869}.Release|Mixed Platforms.Build.0 = Release|x86
		{1C3BFC3D-7E9C-42DC-9BFB-0431E7C2B869}.Release|x86.ActiveCfg = Release|x86
		{1C3BFC3D-7E9C-42DC-9BFB-0431E7C2B869}.Release|x86.Build.0 = Release|x86
		{B97DF479-85BE-42D4-90BD-D60A6B2C2FE5}.Debug|Any CPU.ActiveCfg = Debug|Any CPU
		{B97DF479-85BE-42D4-90BD-D60A6B2C2FE5}.Debug|Any CPU.Build.0 = Debug|Any CPU
		{B97DF479-85BE-42D4-90BD-D60A6B2C2FE5}.Debug|Mixed Platforms.ActiveCfg = Debug|Any CPU
		{B97DF479-85BE-42D4-90BD-D60A6B2C2FE5}.Debug|Mixed Platforms.Build.0 = Debug|Any CPU
		{B97DF479-85BE-42D4-90BD-D60A6B2C2FE5}.Debug|x86.ActiveCfg = Debug|Any CPU
		{B97DF479-85BE-42D4-90BD-D60A6B2C2FE5}.Release|Any CPU.ActiveCfg = Release|Any CPU
		{B97DF479-85BE-42D4-90BD-D60A6B2C2FE5}.Release|Any CPU.Build.0 = Release|Any CPU
		{B97DF479-85BE-42D4-90BD-D60A6B2C2FE5}.Release|Mixed Platforms.ActiveCfg = Release|Any CPU
		{B97DF479-85BE-42D4-90BD-D60A6B2C2FE5}.Release|Mixed Platforms.Build.0 = Release|Any CPU
		{B97DF479-85BE-42D4-90BD-D60A6B2C2FE5}.Release|x86.ActiveCfg = Release|Any CPU
		{FB7B6300-2319-4A27-9AFD-CBD7DFC4E33E}.Debug|Any CPU.ActiveCfg = Debug|Any CPU
		{FB7B6300-2319-4A27-9AFD-CBD7DFC4E33E}.Debug|Any CPU.Build.0 = Debug|Any CPU
		{FB7B6300-2319-4A27-9AFD-CBD7DFC4E33E}.Debug|Mixed Platforms.ActiveCfg = Debug|Any CPU
		{FB7B6300-2319-4A27-9AFD-CBD7DFC4E33E}.Debug|Mixed Platforms.Build.0 = Debug|Any CPU
		{FB7B6300-2319-4A27-9AFD-CBD7DFC4E33E}.Debug|x86.ActiveCfg = Debug|Any CPU
		{FB7B6300-2319-4A27-9AFD-CBD7DFC4E33E}.Release|Any CPU.ActiveCfg = Release|Any CPU
		{FB7B6300-2319-4A27-9AFD-CBD7DFC4E33E}.Release|Any CPU.Build.0 = Release|Any CPU
		{FB7B6300-2319-4A27-9AFD-CBD7DFC4E33E}.Release|Mixed Platforms.ActiveCfg = Release|Any CPU
		{FB7B6300-2319-4A27-9AFD-CBD7DFC4E33E}.Release|Mixed Platforms.Build.0 = Release|Any CPU
		{FB7B6300-2319-4A27-9AFD-CBD7DFC4E33E}.Release|x86.ActiveCfg = Release|Any CPU
	EndGlobalSection
	GlobalSection(SolutionProperties) = preSolution
		HideSolutionNode = FALSE
	EndGlobalSection
EndGlobal
